
Microsoft Visual Studio Solution File, Format Version 12.00
# Visual Studio Version 17
VisualStudioVersion = 17.9.34902.65
MinimumVisualStudioVersion = 10.0.40219.1
Project("{9A19103F-16F7-4668-BE54-9A1E7A4F7556}") = "JiraBoardgRPC", "JiraBoardgRPC\JiraBoardgRPC.csproj", "{B56CEB93-165A-469F-AF49-045CD1A5F09B}"
EndProject
Project("{9A19103F-16F7-4668-BE54-9A1E7A4F7556}") = "GrpcTests", "GrpcTests\GrpcTests.csproj", "{FAE3C720-1EEA-4490-BD29-DD47CD49C761}"
EndProject
Project("{FAE04EC0-301F-11D3-BF4B-00C04F79EFBC}") = "MiddleStepService", "MiddleStepService\MiddleStepService.csproj", "{F02B1E7A-C6C8-4878-B910-F378751FFC2F}"
EndProject
Global
	GlobalSection(SolutionConfigurationPlatforms) = preSolution
		Debug|Any CPU = Debug|Any CPU
		Release|Any CPU = Release|Any CPU
	EndGlobalSection
	GlobalSection(ProjectConfigurationPlatforms) = postSolution
		{B56CEB93-165A-469F-AF49-045CD1A5F09B}.Debug|Any CPU.ActiveCfg = Debug|Any CPU
		{B56CEB93-165A-469F-AF49-045CD1A5F09B}.Debug|Any CPU.Build.0 = Debug|Any CPU
		{B56CEB93-165A-469F-AF49-045CD1A5F09B}.Release|Any CPU.ActiveCfg = Release|Any CPU
		{B56CEB93-165A-469F-AF49-045CD1A5F09B}.Release|Any CPU.Build.0 = Release|Any CPU
		{FAE3C720-1EEA-4490-BD29-DD47CD49C761}.Debug|Any CPU.ActiveCfg = Debug|Any CPU
		{FAE3C720-1EEA-4490-BD29-DD47CD49C761}.Debug|Any CPU.Build.0 = Debug|Any CPU
		{FAE3C720-1EEA-4490-BD29-DD47CD49C761}.Release|Any CPU.ActiveCfg = Release|Any CPU
		{FAE3C720-1EEA-4490-BD29-DD47CD49C761}.Release|Any CPU.Build.0 = Release|Any CPU
		{F02B1E7A-C6C8-4878-B910-F378751FFC2F}.Debug|Any CPU.ActiveCfg = Debug|Any CPU
		{F02B1E7A-C6C8-4878-B910-F378751FFC2F}.Debug|Any CPU.Build.0 = Debug|Any CPU
		{F02B1E7A-C6C8-4878-B910-F378751FFC2F}.Release|Any CPU.ActiveCfg = Release|Any CPU
		{F02B1E7A-C6C8-4878-B910-F378751FFC2F}.Release|Any CPU.Build.0 = Release|Any CPU
	EndGlobalSection
	GlobalSection(SolutionProperties) = preSolution
		HideSolutionNode = FALSE
	EndGlobalSection
	GlobalSection(ExtensibilityGlobals) = postSolution
		SolutionGuid = {4DF23840-1737-4192-953B-27663EB19815}
	EndGlobalSection
EndGlobal
